// !$*UTF8*$!
{
	archiveVersion = 1;
	classes = {
	};
	objectVersion = 60;
	objects = {

/* Begin PBXBuildFile section */
		087C48B559F97263EE0B314C /* UIKitDemo/CounterViewController.swift in Sources */ = {isa = PBXBuildFile; fileRef = B0AE8FA4673D6DDA22AE9BAE /* UIKitDemo/CounterViewController.swift */; };
		1095AFE866C5CA85189ECDD1 /* Simplification in Frameworks */ = {isa = PBXBuildFile; productRef = 2D12920297C9C6B6E56E5FE5 /* Simplification */; };
		22485F81501CB7D41C1B5B31 /* Shared/DemoDependencies.swift in Sources */ = {isa = PBXBuildFile; fileRef = 316EF469D0D3EC9D442EA2DB /* Shared/DemoDependencies.swift */; };
		33EFE7C66C49D94A85BE0B89 /* Shared/DemoDependencies.swift in Sources */ = {isa = PBXBuildFile; fileRef = 316EF469D0D3EC9D442EA2DB /* Shared/DemoDependencies.swift */; };
		6C2C2EC67ECD2F31CA65D7E8 /* SwiftUIDemo/ContentView.swift in Sources */ = {isa = PBXBuildFile; fileRef = A5469E5E4AF5658FC1131BB9 /* SwiftUIDemo/ContentView.swift */; };
		6E1CBDA881DBA88DDA84EA3C /* UIKitDemo/AppDelegate.swift in Sources */ = {isa = PBXBuildFile; fileRef = E3C29854E416BBB64A08AD48 /* UIKitDemo/AppDelegate.swift */; };
		A5C1BCFE9E019EDBF4FC6381 /* Simplification in Frameworks */ = {isa = PBXBuildFile; productRef = 06E4949165012183C83CE991 /* Simplification */; };
		E4E850F02266498F81A3276F /* SwiftUIDemo/SwiftUIDemoApp.swift in Sources */ = {isa = PBXBuildFile; fileRef = AED2D4E6E3E64F4E0A40F6D0 /* SwiftUIDemo/SwiftUIDemoApp.swift */; };
/* End PBXBuildFile section */

/* Begin PBXFileReference section */
		17B190261D71CBEBC2085F54 /* UIKitDemo.app */ = {isa = PBXFileReference; explicitFileType = wrapper.application; includeInIndex = 0; path = UIKitDemo.app; sourceTree = BUILT_PRODUCTS_DIR; };
		316EF469D0D3EC9D442EA2DB /* Shared/DemoDependencies.swift */ = {isa = PBXFileReference; lastKnownFileType = sourcecode.swift; path = Shared/DemoDependencies.swift; sourceTree = "<group>"; };
		A5469E5E4AF5658FC1131BB9 /* SwiftUIDemo/ContentView.swift */ = {isa = PBXFileReference; lastKnownFileType = sourcecode.swift; path = SwiftUIDemo/ContentView.swift; sourceTree = "<group>"; };
		AED2D4E6E3E64F4E0A40F6D0 /* SwiftUIDemo/SwiftUIDemoApp.swift */ = {isa = PBXFileReference; lastKnownFileType = sourcecode.swift; path = SwiftUIDemo/SwiftUIDemoApp.swift; sourceTree = "<group>"; };
		B0AE8FA4673D6DDA22AE9BAE /* UIKitDemo/CounterViewController.swift */ = {isa = PBXFileReference; lastKnownFileType = sourcecode.swift; path = UIKitDemo/CounterViewController.swift; sourceTree = "<group>"; };
		E3C29854E416BBB64A08AD48 /* UIKitDemo/AppDelegate.swift */ = {isa = PBXFileReference; lastKnownFileType = sourcecode.swift; path = UIKitDemo/AppDelegate.swift; sourceTree = "<group>"; };
		F738085196A4F39D32C5D1E6 /* SwiftUIDemo.app */ = {isa = PBXFileReference; explicitFileType = wrapper.application; includeInIndex = 0; path = SwiftUIDemo.app; sourceTree = BUILT_PRODUCTS_DIR; };
/* End PBXFileReference section */

/* Begin PBXFrameworksBuildPhase section */
		364A4255E9F93FD97B88F590 /* Frameworks */ = {
			isa = PBXFrameworksBuildPhase;
			buildActionMask = 2147483647;
			files = (
				1095AFE866C5CA85189ECDD1 /* Simplification in Frameworks */,
			);
			runOnlyForDeploymentPostprocessing = 0;
		};
		B3056618C81D687A6C5EC03F /* Frameworks */ = {
			isa = PBXFrameworksBuildPhase;
			buildActionMask = 2147483647;
			files = (
				A5C1BCFE9E019EDBF4FC6381 /* Simplification in Frameworks */,
			);
			runOnlyForDeploymentPostprocessing = 0;
		};
/* End PBXFrameworksBuildPhase section */

/* Begin PBXGroup section */
		B28B7AF69320201D1CF206EB = {
			isa = PBXGroup;
			children = (
				316EF469D0D3EC9D442EA2DB /* Shared/DemoDependencies.swift */,
				E3C29854E416BBB64A08AD48 /* UIKitDemo/AppDelegate.swift */,
				B0AE8FA4673D6DDA22AE9BAE /* UIKitDemo/CounterViewController.swift */,
				AED2D4E6E3E64F4E0A40F6D0 /* SwiftUIDemo/SwiftUIDemoApp.swift */,
				A5469E5E4AF5658FC1131BB9 /* SwiftUIDemo/ContentView.swift */,
				FBDC4F23F93125BBEEAE800C /* Products */,
			);
			sourceTree = "<group>";
		};
		FBDC4F23F93125BBEEAE800C /* Products */ = {
			isa = PBXGroup;
			children = (
				17B190261D71CBEBC2085F54 /* UIKitDemo.app */,
				F738085196A4F39D32C5D1E6 /* SwiftUIDemo.app */,
			);
			name = Products;
			sourceTree = "<group>";
		};
/* End PBXGroup section */

/* Begin PBXNativeTarget section */
		33555E222EE3B8A40C289201 /* SwiftUIDemo */ = {
			isa = PBXNativeTarget;
			buildConfigurationList = B71968AECC0DF469BC9552D2 /* Build configuration list for PBXNativeTarget "SwiftUIDemo" */;
			buildPhases = (
				147717036BD966F0F5A35140 /* Sources */,
				B3056618C81D687A6C5EC03F /* Frameworks */,
				94468D6F43C0FF1A66981348 /* Resources */,
			);
			buildRules = (
			);
			dependencies = (
			);
			name = SwiftUIDemo;
			packageProductDependencies = (
				06E4949165012183C83CE991 /* Simplification */,
			);
			productName = SwiftUIDemo;
			productReference = F738085196A4F39D32C5D1E6 /* SwiftUIDemo.app */;
			productType = "com.apple.product-type.application";
		};
		BC805E57057FC22E15D8BE8D /* UIKitDemo */ = {
			isa = PBXNativeTarget;
			buildConfigurationList = 432DF32874247ABEE0BA6AD4 /* Build configuration list for PBXNativeTarget "UIKitDemo" */;
			buildPhases = (
				F55B4870C802E3FBB631C78F /* Sources */,
				364A4255E9F93FD97B88F590 /* Frameworks */,
				BE617746BCB8F9E55A4BD752 /* Resources */,
			);
			buildRules = (
			);
			dependencies = (
			);
			name = UIKitDemo;
			packageProductDependencies = (
				2D12920297C9C6B6E56E5FE5 /* Simplification */,
			);
			productName = UIKitDemo;
			productReference = 17B190261D71CBEBC2085F54 /* UIKitDemo.app */;
			productType = "com.apple.product-type.application";
		};
/* End PBXNativeTarget section */

/* Begin PBXProject section */
		98F54143AB4E86B28C3AFEE0 /* Project object */ = {
			isa = PBXProject;
			attributes = {
				LastUpgradeCheck = 1400;
			};
			buildConfigurationList = 640DC9EFD529235A8D9E2727 /* Build configuration list for PBXProject "SimplificationDemos" */;
			compatibilityVersion = "Xcode 14.0";
			developmentRegion = en;
			hasScannedForEncodings = 0;
			knownRegions = (
				en,
				Base,
			);
			mainGroup = B28B7AF69320201D1CF206EB;
			packageReferences = (
				582681C2EAE02B3F3D399C0C /* XCLocalSwiftPackageReference ".." */,
			);
			productRefGroup = FBDC4F23F93125BBEEAE800C /* Products */;
			projectDirPath = "";
			projectRoot = "";
			targets = (
				BC805E57057FC22E15D8BE8D /* UIKitDemo */,
				33555E222EE3B8A40C289201 /* SwiftUIDemo */,
			);
		};
/* End PBXProject section */

/* Begin PBXResourcesBuildPhase section */
		94468D6F43C0FF1A66981348 /* Resources */ = {
			isa = PBXResourcesBuildPhase;
			buildActionMask = 2147483647;
			files = (
			);
			runOnlyForDeploymentPostprocessing = 0;
		};
		BE617746BCB8F9E55A4BD752 /* Resources */ = {
			isa = PBXResourcesBuildPhase;
			buildActionMask = 2147483647;
			files = (
			);
			runOnlyForDeploymentPostprocessing = 0;
		};
/* End PBXResourcesBuildPhase section */

/* Begin PBXSourcesBuildPhase section */
		147717036BD966F0F5A35140 /* Sources */ = {
			isa = PBXSourcesBuildPhase;
			buildActionMask = 2147483647;
			files = (
				33EFE7C66C49D94A85BE0B89 /* Shared/DemoDependencies.swift in Sources */,
				E4E850F02266498F81A3276F /* SwiftUIDemo/SwiftUIDemoApp.swift in Sources */,
				6C2C2EC67ECD2F31CA65D7E8 /* SwiftUIDemo/ContentView.swift in Sources */,
			);
			runOnlyForDeploymentPostprocessing = 0;
		};
		F55B4870C802E3FBB631C78F /* Sources */ = {
			isa = PBXSourcesBuildPhase;
			buildActionMask = 2147483647;
			files = (
				22485F81501CB7D41C1B5B31 /* Shared/DemoDependencies.swift in Sources */,
				6E1CBDA881DBA88DDA84EA3C /* UIKitDemo/AppDelegate.swift in Sources */,
				087C48B559F97263EE0B314C /* UIKitDemo/CounterViewController.swift in Sources */,
			);
			runOnlyForDeploymentPostprocessing = 0;
		};
/* End PBXSourcesBuildPhase section */

/* Begin XCBuildConfiguration section */
		029B7272E01DD5DEDF487837 /* Debug */ = {
			isa = XCBuildConfiguration;
			buildSettings = {
				CODE_SIGN_STYLE = Automatic;
				CURRENT_PROJECT_VERSION = 1;
				DEVELOPMENT_TEAM = 6E9ARQD7Y3;
				GENERATE_INFOPLIST_FILE = YES;
				INFOPLIST_KEY_CFBundleDisplayName = UIKitDemo;
				INFOPLIST_KEY_UILaunchScreen_Generation = YES;
				INFOPLIST_KEY_UISupportedInterfaceOrientations = "UIInterfaceOrientationPortrait UIInterfaceOrientationLandscapeLeft UIInterfaceOrientationLandscapeRight";
				IPHONEOS_DEPLOYMENT_TARGET = 13.0;
				MARKETING_VERSION = 1.0;
				PRODUCT_BUNDLE_IDENTIFIER = com.simplification.examples.UIKitDemo;
				PRODUCT_NAME = "$(TARGET_NAME)";
				SUPPORTED_PLATFORMS = "iphoneos iphonesimulator";
				SWIFT_STRICT_CONCURRENCY = complete;
				SWIFT_VERSION = 5.0;
				TARGETED_DEVICE_FAMILY = "1,2";
			};
			name = Debug;
		};
		07B8F67EC662568DD836FF79 /* Release */ = {
			isa = XCBuildConfiguration;
			buildSettings = {
				CODE_SIGN_STYLE = Automatic;
				CURRENT_PROJECT_VERSION = 1;
				DEVELOPMENT_TEAM = 6E9ARQD7Y3;
				GENERATE_INFOPLIST_FILE = YES;
				INFOPLIST_KEY_CFBundleDisplayName = UIKitDemo;
				INFOPLIST_KEY_UILaunchScreen_Generation = YES;
				INFOPLIST_KEY_UISupportedInterfaceOrientations = "UIInterfaceOrientationPortrait UIInterfaceOrientationLandscapeLeft UIInterfaceOrientationLandscapeRight";
				IPHONEOS_DEPLOYMENT_TARGET = 13.0;
				MARKETING_VERSION = 1.0;
				PRODUCT_BUNDLE_IDENTIFIER = com.simplification.examples.UIKitDemo;
				PRODUCT_NAME = "$(TARGET_NAME)";
				SUPPORTED_PLATFORMS = "iphoneos iphonesimulator";
				SWIFT_STRICT_CONCURRENCY = complete;
				SWIFT_VERSION = 5.0;
				TARGETED_DEVICE_FAMILY = "1,2";
			};
			name = Release;
		};
		3D553B551D2688E2E7A15153 /* Release */ = {
			isa = XCBuildConfiguration;
			buildSettings = {
				CLANG_ENABLE_MODULES = YES;
				DEBUG_INFORMATION_FORMAT = "dwarf-with-dsym";
				ENABLE_TESTABILITY = NO;
				SDKROOT = iphoneos;
				SWIFT_OPTIMIZATION_LEVEL = "-O";
			};
			name = Release;
		};
		754E2C85F89F1A78DAC66016 /* Release */ = {
			isa = XCBuildConfiguration;
			buildSettings = {
				CODE_SIGN_STYLE = Automatic;
				CURRENT_PROJECT_VERSION = 1;
				DEVELOPMENT_TEAM = 6E9ARQD7Y3;
				GENERATE_INFOPLIST_FILE = YES;
				INFOPLIST_KEY_CFBundleDisplayName = SwiftUIDemo;
				INFOPLIST_KEY_UIApplicationSceneManifest_Generation = YES;
				INFOPLIST_KEY_UILaunchScreen_Generation = YES;
				INFOPLIST_KEY_UISupportedInterfaceOrientations = "UIInterfaceOrientationPortrait UIInterfaceOrientationLandscapeLeft UIInterfaceOrientationLandscapeRight";
				IPHONEOS_DEPLOYMENT_TARGET = 14.0;
				MARKETING_VERSION = 1.0;
				PRODUCT_BUNDLE_IDENTIFIER = com.simplification.examples.SwiftUIDemo;
				PRODUCT_NAME = "$(TARGET_NAME)";
				SUPPORTED_PLATFORMS = "iphoneos iphonesimulator";
				SWIFT_STRICT_CONCURRENCY = complete;
				SWIFT_VERSION = 5.0;
				TARGETED_DEVICE_FAMILY = "1,2";
			};
			name = Release;
		};
		AA60E62D3E7BAEF305ADABEA /* Debug */ = {
			isa = XCBuildConfiguration;
			buildSettings = {
				CLANG_ENABLE_MODULES = YES;
				DEBUG_INFORMATION_FORMAT = dwarf;
				ENABLE_TESTABILITY = YES;
				SDKROOT = iphoneos;
				SWIFT_ACTIVE_COMPILATION_CONDITIONS = DEBUG;
				SWIFT_OPTIMIZATION_LEVEL = "-Onone";
			};
			name = Debug;
		};
		B3BFC074C3FC2803504DA73A /* Debug */ = {
			isa = XCBuildConfiguration;
			buildSettings = {
				CODE_SIGN_STYLE = Automatic;
				CURRENT_PROJECT_VERSION = 1;
				DEVELOPMENT_TEAM = 6E9ARQD7Y3;
				GENERATE_INFOPLIST_FILE = YES;
				INFOPLIST_KEY_CFBundleDisplayName = SwiftUIDemo;
				INFOPLIST_KEY_UIApplicationSceneManifest_Generation = YES;
				INFOPLIST_KEY_UILaunchScreen_Generation = YES;
				INFOPLIST_KEY_UISupportedInterfaceOrientations = "UIInterfaceOrientationPortrait UIInterfaceOrientationLandscapeLeft UIInterfaceOrientationLandscapeRight";
				IPHONEOS_DEPLOYMENT_TARGET = 14.0;
				MARKETING_VERSION = 1.0;
				PRODUCT_BUNDLE_IDENTIFIER = com.simplification.examples.SwiftUIDemo;
				PRODUCT_NAME = "$(TARGET_NAME)";
				SUPPORTED_PLATFORMS = "iphoneos iphonesimulator";
				SWIFT_STRICT_CONCURRENCY = complete;
				SWIFT_VERSION = 5.0;
				TARGETED_DEVICE_FAMILY = "1,2";
			};
			name = Debug;
		};
/* End XCBuildConfiguration section */

/* Begin XCConfigurationList section */
		432DF32874247ABEE0BA6AD4 /* Build configuration list for PBXNativeTarget "UIKitDemo" */ = {
			isa = XCConfigurationList;
			buildConfigurations = (
				029B7272E01DD5DEDF487837 /* Debug */,
				07B8F67EC662568DD836FF79 /* Release */,
			);
			defaultConfigurationIsVisible = 0;
			defaultConfigurationName = Release;
		};
		640DC9EFD529235A8D9E2727 /* Build configuration list for PBXProject "SimplificationDemos" */ = {
			isa = XCConfigurationList;
			buildConfigurations = (
				AA60E62D3E7BAEF305ADABEA /* Debug */,
				3D553B551D2688E2E7A15153 /* Release */,
			);
			defaultConfigurationIsVisible = 0;
			defaultConfigurationName = Release;
		};
		B71968AECC0DF469BC9552D2 /* Build configuration list for PBXNativeTarget "SwiftUIDemo" */ = {
			isa = XCConfigurationList;
			buildConfigurations = (
				B3BFC074C3FC2803504DA73A /* Debug */,
				754E2C85F89F1A78DAC66016 /* Release */,
			);
			defaultConfigurationIsVisible = 0;
			defaultConfigurationName = Release;
		};
/* End XCConfigurationList section */

/* Begin XCLocalSwiftPackageReference section */
		582681C2EAE02B3F3D399C0C /* XCLocalSwiftPackageReference ".." */ = {
			isa = XCLocalSwiftPackageReference;
			relativePath = ..;
		};
/* End XCLocalSwiftPackageReference section */

/* Begin XCSwiftPackageProductDependency section */
		06E4949165012183C83CE991 /* Simplification */ = {
			isa = XCSwiftPackageProductDependency;
			productName = Simplification;
		};
		2D12920297C9C6B6E56E5FE5 /* Simplification */ = {
			isa = XCSwiftPackageProductDependency;
			productName = Simplification;
		};
/* End XCSwiftPackageProductDependency section */
	};
	rootObject = 98F54143AB4E86B28C3AFEE0 /* Project object */;
}
